PODS:
  - Bolts (1.2.2):
    - Bolts/AppLinks (= 1.2.2)
    - Bolts/Tasks (= 1.2.2)
  - Bolts/AppLinks (1.2.2):
    - Bolts/Tasks
  - Bolts/Tasks (1.2.2)
  - FBSDKCoreKit (4.6.0):
    - Bolts (~> 1.1)
    - FBSDKCoreKit/arc (= 4.6.0)
    - FBSDKCoreKit/no-arc (= 4.6.0)
  - FBSDKCoreKit/arc (4.6.0):
    - Bolts (~> 1.1)
  - FBSDKCoreKit/no-arc (4.6.0):
    - Bolts (~> 1.1)
    - FBSDKCoreKit/arc
  - FBSDKShareKit (4.6.0):
    - FBSDKCoreKit
  - SnapKit (0.14.0)
  - XCGLogger (3.0)

DEPENDENCIES:
  - FBSDKCoreKit
  - FBSDKShareKit
  - SnapKit
  - XCGLogger

SPEC CHECKSUMS:
  Bolts: 20a2bd788273360cb1e31530dc19b8544eef2544
  FBSDKCoreKit: 9954492d90c5fd65ae831395697a1660360d61f1
  FBSDKShareKit: f474f1123791e215d0299b98b3ee92ddd9187d86
  SnapKit: f42352ef34953866da0de1e1009c2ff82588a95e
  XCGLogger: 5802533aff8bafc8b3b9776ab8972576f31d0a4e

COCOAPODS: 0.38.2
