PODS:
  - Bolts (1.7.0):
    - Bolts/AppLinks (= 1.7.0)
    - Bolts/Tasks (= 1.7.0)
  - Bolts/AppLinks (1.7.0):
    - Bolts/Tasks
  - Bolts/Tasks (1.7.0)
  - FBSDKCoreKit (4.12.0):
    - Bolts (~> 1.7)
  - FBSDKShareKit (4.12.0):
    - FBSDKCoreKit
  - SnapKit (0.21.0)
  - XCGLogger (3.3)

DEPENDENCIES:
  - FBSDKCoreKit
  - FBSDKShareKit
  - SnapKit
  - XCGLogger

SPEC CHECKSUMS:
  Bolts: a0058fa3b331c5a1e4402d534f2dae36dbff31e4
  FBSDKCoreKit: 6e56d5a2a64a755ad4efb5dbeee8f82fb1b99775
  FBSDKShareKit: df1491f064cffc8ebcc3fc8b71be94cc190c728e
  SnapKit: 2756fe24b706367af224c9c508d2f9166d03354c
  XCGLogger: d6e196e78940ff6daab17d6917107876f973fa31

PODFILE CHECKSUM: 6aca8a8da7710c7999503e5d6c22b9dd03b76583

COCOAPODS: 1.0.0
