// !$*UTF8*$!
{
	archiveVersion = 1;
	classes = {
	};
	objectVersion = 46;
	objects = {

/* Begin PBXBuildFile section */
		46DA3F4AE78D76B1C41B2EC5 /* Pods_Trap_The_DotUITests.framework in Frameworks */ = {isa = PBXBuildFile; fileRef = 4E59297C13306C6BB2FBFEF6 /* Pods_Trap_The_DotUITests.framework */; };
		533939EE1B87162300E15029 /* AppDelegate.swift in Sources */ = {isa = PBXBuildFile; fileRef = 533939ED1B87162300E15029 /* AppDelegate.swift */; };
		533939F01B87162300E15029 /* ViewController.swift in Sources */ = {isa = PBXBuildFile; fileRef = 533939EF1B87162300E15029 /* ViewController.swift */; };
		533939F31B87162300E15029 /* Main.storyboard in Resources */ = {isa = PBXBuildFile; fileRef = 533939F11B87162300E15029 /* Main.storyboard */; };
		533939F51B87162300E15029 /* Assets.xcassets in Resources */ = {isa = PBXBuildFile; fileRef = 533939F41B87162300E15029 /* Assets.xcassets */; };
		533939F81B87162300E15029 /* LaunchScreen.storyboard in Resources */ = {isa = PBXBuildFile; fileRef = 533939F61B87162300E15029 /* LaunchScreen.storyboard */; };
		53393A031B87162300E15029 /* Trap_The_DotTests.swift in Sources */ = {isa = PBXBuildFile; fileRef = 53393A021B87162300E15029 /* Trap_The_DotTests.swift */; };
		53393A0E1B87162300E15029 /* Trap_The_DotUITests.swift in Sources */ = {isa = PBXBuildFile; fileRef = 53393A0D1B87162300E15029 /* Trap_The_DotUITests.swift */; };
		53393A1C1B871ED000E15029 /* GameBoardViewController.swift in Sources */ = {isa = PBXBuildFile; fileRef = 53393A1B1B871ED000E15029 /* GameBoardViewController.swift */; };
		535B08BF1B8D643F00069BA2 /* TTDGame.swift in Sources */ = {isa = PBXBuildFile; fileRef = 535B08BE1B8D643F00069BA2 /* TTDGame.swift */; };
		535B08C11B8D74FF00069BA2 /* TTDGameTest.swift in Sources */ = {isa = PBXBuildFile; fileRef = 535B08C01B8D74FF00069BA2 /* TTDGameTest.swift */; };
		536813AF1B902083002AE6DE /* Foundation+extensions.swift in Sources */ = {isa = PBXBuildFile; fileRef = 536813AE1B902083002AE6DE /* Foundation+extensions.swift */; };
		536813B11B9201EE002AE6DE /* LevelView.swift in Sources */ = {isa = PBXBuildFile; fileRef = 536813B01B9201EE002AE6DE /* LevelView.swift */; };
		538716501B9C382300E3C9E8 /* images in Resources */ = {isa = PBXBuildFile; fileRef = 5387164F1B9C382300E3C9E8 /* images */; };
		538716521B9C383000E3C9E8 /* sounds in Resources */ = {isa = PBXBuildFile; fileRef = 538716511B9C383000E3C9E8 /* sounds */; };
		53C3C1661BA270970068A6D4 /* Record.swift in Sources */ = {isa = PBXBuildFile; fileRef = 53C3C1651BA270970068A6D4 /* Record.swift */; };
		53CED4B31BAE445C00BF22BA /* NavigationController.swift in Sources */ = {isa = PBXBuildFile; fileRef = 53CED4B21BAE445C00BF22BA /* NavigationController.swift */; };
		53CED4B51BAE44A100BF22BA /* Game.swift in Sources */ = {isa = PBXBuildFile; fileRef = 53CED4B41BAE44A100BF22BA /* Game.swift */; };
		53DFF6771B87F800002ADD4A /* HomeViewController.swift in Sources */ = {isa = PBXBuildFile; fileRef = 53DFF6761B87F800002ADD4A /* HomeViewController.swift */; };
		53DFF6791B87F856002ADD4A /* UIViewController+extensions.swift in Sources */ = {isa = PBXBuildFile; fileRef = 53DFF6781B87F856002ADD4A /* UIViewController+extensions.swift */; };
		53DFF67B1B87FA37002ADD4A /* ResultViewController.swift in Sources */ = {isa = PBXBuildFile; fileRef = 53DFF67A1B87FA37002ADD4A /* ResultViewController.swift */; };
		53DFF67D1B87FB4D002ADD4A /* UIView+extensions.swift in Sources */ = {isa = PBXBuildFile; fileRef = 53DFF67C1B87FB4D002ADD4A /* UIView+extensions.swift */; };
		53DFF67F1B8805AC002ADD4A /* GameBoardView.swift in Sources */ = {isa = PBXBuildFile; fileRef = 53DFF67E1B8805AC002ADD4A /* GameBoardView.swift */; };
		53E595B91B9466A30028CFE4 /* Theme.swift in Sources */ = {isa = PBXBuildFile; fileRef = 53E595B81B9466A30028CFE4 /* Theme.swift */; };
		7FC792060035740FFDBEC0FD /* Pods_Trap_The_Dot.framework in Frameworks */ = {isa = PBXBuildFile; fileRef = 00B6E6B47B5450EE7DD70DDD /* Pods_Trap_The_Dot.framework */; };
		A4828255081BCB93EEAEE199 /* Pods_Trap_The_DotTests.framework in Frameworks */ = {isa = PBXBuildFile; fileRef = EE68884E504B79ECA356C0FA /* Pods_Trap_The_DotTests.framework */; };
/* End PBXBuildFile section */

/* Begin PBXContainerItemProxy section */
		533939FF1B87162300E15029 /* PBXContainerItemProxy */ = {
			isa = PBXContainerItemProxy;
			containerPortal = 533939E21B87162300E15029 /* Project object */;
			proxyType = 1;
			remoteGlobalIDString = 533939E91B87162300E15029;
			remoteInfo = "Trap-The-Dot";
		};
		53393A0A1B87162300E15029 /* PBXContainerItemProxy */ = {
			isa = PBXContainerItemProxy;
			containerPortal = 533939E21B87162300E15029 /* Project object */;
			proxyType = 1;
			remoteGlobalIDString = 533939E91B87162300E15029;
			remoteInfo = "Trap-The-Dot";
		};
/* End PBXContainerItemProxy section */

/* Begin PBXFileReference section */
		00B6E6B47B5450EE7DD70DDD /* Pods_Trap_The_Dot.framework */ = {isa = PBXFileReference; explicitFileType = wrapper.framework; includeInIndex = 0; path = Pods_Trap_The_Dot.framework; sourceTree = BUILT_PRODUCTS_DIR; };
		09A8CCF7B6BA987C6882D320 /* Pods-Trap-The-DotUITests.debug.xcconfig */ = {isa = PBXFileReference; includeInIndex = 1; lastKnownFileType = text.xcconfig; name = "Pods-Trap-The-DotUITests.debug.xcconfig"; path = "Pods/Target Support Files/Pods-Trap-The-DotUITests/Pods-Trap-The-DotUITests.debug.xcconfig"; sourceTree = "<group>"; };
		17F5497BECA40B362225600B /* Pods-Trap-The-DotUITests.release.xcconfig */ = {isa = PBXFileReference; includeInIndex = 1; lastKnownFileType = text.xcconfig; name = "Pods-Trap-The-DotUITests.release.xcconfig"; path = "Pods/Target Support Files/Pods-Trap-The-DotUITests/Pods-Trap-The-DotUITests.release.xcconfig"; sourceTree = "<group>"; };
		4E59297C13306C6BB2FBFEF6 /* Pods_Trap_The_DotUITests.framework */ = {isa = PBXFileReference; explicitFileType = wrapper.framework; includeInIndex = 0; path = Pods_Trap_The_DotUITests.framework; sourceTree = BUILT_PRODUCTS_DIR; };
		533939EA1B87162300E15029 /* Trap-The-Dot.app */ = {isa = PBXFileReference; explicitFileType = wrapper.application; includeInIndex = 0; path = "Trap-The-Dot.app"; sourceTree = BUILT_PRODUCTS_DIR; };
		533939ED1B87162300E15029 /* AppDelegate.swift */ = {isa = PBXFileReference; lastKnownFileType = sourcecode.swift; path = AppDelegate.swift; sourceTree = "<group>"; };
		533939EF1B87162300E15029 /* ViewController.swift */ = {isa = PBXFileReference; lastKnownFileType = sourcecode.swift; path = ViewController.swift; sourceTree = "<group>"; };
		533939F21B87162300E15029 /* Base */ = {isa = PBXFileReference; lastKnownFileType = file.storyboard; name = Base; path = Base.lproj/Main.storyboard; sourceTree = "<group>"; };
		533939F41B87162300E15029 /* Assets.xcassets */ = {isa = PBXFileReference; lastKnownFileType = folder.assetcatalog; path = Assets.xcassets; sourceTree = "<group>"; };
		533939F71B87162300E15029 /* Base */ = {isa = PBXFileReference; lastKnownFileType = file.storyboard; name = Base; path = Base.lproj/LaunchScreen.storyboard; sourceTree = "<group>"; };
		533939F91B87162300E15029 /* Info.plist */ = {isa = PBXFileReference; lastKnownFileType = text.plist.xml; path = Info.plist; sourceTree = "<group>"; };
		533939FE1B87162300E15029 /* Trap-The-DotTests.xctest */ = {isa = PBXFileReference; explicitFileType = wrapper.cfbundle; includeInIndex = 0; path = "Trap-The-DotTests.xctest"; sourceTree = BUILT_PRODUCTS_DIR; };
		53393A021B87162300E15029 /* Trap_The_DotTests.swift */ = {isa = PBXFileReference; lastKnownFileType = sourcecode.swift; path = Trap_The_DotTests.swift; sourceTree = "<group>"; };
		53393A041B87162300E15029 /* Info.plist */ = {isa = PBXFileReference; lastKnownFileType = text.plist.xml; path = Info.plist; sourceTree = "<group>"; };
		53393A091B87162300E15029 /* Trap-The-DotUITests.xctest */ = {isa = PBXFileReference; explicitFileType = wrapper.cfbundle; includeInIndex = 0; path = "Trap-The-DotUITests.xctest"; sourceTree = BUILT_PRODUCTS_DIR; };
		53393A0D1B87162300E15029 /* Trap_The_DotUITests.swift */ = {isa = PBXFileReference; lastKnownFileType = sourcecode.swift; path = Trap_The_DotUITests.swift; sourceTree = "<group>"; };
		53393A0F1B87162300E15029 /* Info.plist */ = {isa = PBXFileReference; lastKnownFileType = text.plist.xml; path = Info.plist; sourceTree = "<group>"; };
		53393A1B1B871ED000E15029 /* GameBoardViewController.swift */ = {isa = PBXFileReference; fileEncoding = 4; lastKnownFileType = sourcecode.swift; path = GameBoardViewController.swift; sourceTree = "<group>"; };
		535B08BE1B8D643F00069BA2 /* TTDGame.swift */ = {isa = PBXFileReference; fileEncoding = 4; lastKnownFileType = sourcecode.swift; path = TTDGame.swift; sourceTree = "<group>"; };
		535B08C01B8D74FF00069BA2 /* TTDGameTest.swift */ = {isa = PBXFileReference; fileEncoding = 4; lastKnownFileType = sourcecode.swift; path = TTDGameTest.swift; sourceTree = "<group>"; };
		536813AE1B902083002AE6DE /* Foundation+extensions.swift */ = {isa = PBXFileReference; fileEncoding = 4; lastKnownFileType = sourcecode.swift; path = "Foundation+extensions.swift"; sourceTree = "<group>"; };
		536813B01B9201EE002AE6DE /* LevelView.swift */ = {isa = PBXFileReference; fileEncoding = 4; lastKnownFileType = sourcecode.swift; path = LevelView.swift; sourceTree = "<group>"; };
		5387164F1B9C382300E3C9E8 /* images */ = {isa = PBXFileReference; lastKnownFileType = folder; name = images; path = resources/images; sourceTree = "<group>"; };
		538716511B9C383000E3C9E8 /* sounds */ = {isa = PBXFileReference; lastKnownFileType = folder; name = sounds; path = resources/sounds; sourceTree = "<group>"; };
		53C3C1651BA270970068A6D4 /* Record.swift */ = {isa = PBXFileReference; fileEncoding = 4; lastKnownFileType = sourcecode.swift; path = Record.swift; sourceTree = "<group>"; };
		53CED4B21BAE445C00BF22BA /* NavigationController.swift */ = {isa = PBXFileReference; fileEncoding = 4; lastKnownFileType = sourcecode.swift; path = NavigationController.swift; sourceTree = "<group>"; };
		53CED4B41BAE44A100BF22BA /* Game.swift */ = {isa = PBXFileReference; fileEncoding = 4; lastKnownFileType = sourcecode.swift; path = Game.swift; sourceTree = "<group>"; };
		53DFF6761B87F800002ADD4A /* HomeViewController.swift */ = {isa = PBXFileReference; fileEncoding = 4; lastKnownFileType = sourcecode.swift; path = HomeViewController.swift; sourceTree = "<group>"; };
		53DFF6781B87F856002ADD4A /* UIViewController+extensions.swift */ = {isa = PBXFileReference; fileEncoding = 4; lastKnownFileType = sourcecode.swift; path = "UIViewController+extensions.swift"; sourceTree = "<group>"; };
		53DFF67A1B87FA37002ADD4A /* ResultViewController.swift */ = {isa = PBXFileReference; fileEncoding = 4; lastKnownFileType = sourcecode.swift; path = ResultViewController.swift; sourceTree = "<group>"; };
		53DFF67C1B87FB4D002ADD4A /* UIView+extensions.swift */ = {isa = PBXFileReference; fileEncoding = 4; lastKnownFileType = sourcecode.swift; path = "UIView+extensions.swift"; sourceTree = "<group>"; };
		53DFF67E1B8805AC002ADD4A /* GameBoardView.swift */ = {isa = PBXFileReference; fileEncoding = 4; lastKnownFileType = sourcecode.swift; path = GameBoardView.swift; sourceTree = "<group>"; };
		53E595B81B9466A30028CFE4 /* Theme.swift */ = {isa = PBXFileReference; fileEncoding = 4; lastKnownFileType = sourcecode.swift; path = Theme.swift; sourceTree = "<group>"; };
		58ADD77B4DE57FD6FB8DDD96 /* Pods-Trap-The-DotTests.debug.xcconfig */ = {isa = PBXFileReference; includeInIndex = 1; lastKnownFileType = text.xcconfig; name = "Pods-Trap-The-DotTests.debug.xcconfig"; path = "Pods/Target Support Files/Pods-Trap-The-DotTests/Pods-Trap-The-DotTests.debug.xcconfig"; sourceTree = "<group>"; };
		7B2EF690E25C6D0A63DD1D8B /* Pods-Trap-The-Dot.release.xcconfig */ = {isa = PBXFileReference; includeInIndex = 1; lastKnownFileType = text.xcconfig; name = "Pods-Trap-The-Dot.release.xcconfig"; path = "Pods/Target Support Files/Pods-Trap-The-Dot/Pods-Trap-The-Dot.release.xcconfig"; sourceTree = "<group>"; };
		87610243AD75DFF7C22EDD10 /* Pods-Trap-The-Dot.debug.xcconfig */ = {isa = PBXFileReference; includeInIndex = 1; lastKnownFileType = text.xcconfig; name = "Pods-Trap-The-Dot.debug.xcconfig"; path = "Pods/Target Support Files/Pods-Trap-The-Dot/Pods-Trap-The-Dot.debug.xcconfig"; sourceTree = "<group>"; };
		8E11C2FD2CC783B548EE1D8C /* Pods-Trap-The-DotTests.release.xcconfig */ = {isa = PBXFileReference; includeInIndex = 1; lastKnownFileType = text.xcconfig; name = "Pods-Trap-The-DotTests.release.xcconfig"; path = "Pods/Target Support Files/Pods-Trap-The-DotTests/Pods-Trap-The-DotTests.release.xcconfig"; sourceTree = "<group>"; };
		EE68884E504B79ECA356C0FA /* Pods_Trap_The_DotTests.framework */ = {isa = PBXFileReference; explicitFileType = wrapper.framework; includeInIndex = 0; path = Pods_Trap_The_DotTests.framework; sourceTree = BUILT_PRODUCTS_DIR; };
/* End PBXFileReference section */

/* Begin PBXFrameworksBuildPhase section */
		533939E71B87162300E15029 /* Frameworks */ = {
			isa = PBXFrameworksBuildPhase;
			buildActionMask = 2147483647;
			files = (
				7FC792060035740FFDBEC0FD /* Pods_Trap_The_Dot.framework in Frameworks */,
			);
			runOnlyForDeploymentPostprocessing = 0;
		};
		533939FB1B87162300E15029 /* Frameworks */ = {
			isa = PBXFrameworksBuildPhase;
			buildActionMask = 2147483647;
			files = (
				A4828255081BCB93EEAEE199 /* Pods_Trap_The_DotTests.framework in Frameworks */,
			);
			runOnlyForDeploymentPostprocessing = 0;
		};
		53393A061B87162300E15029 /* Frameworks */ = {
			isa = PBXFrameworksBuildPhase;
			buildActionMask = 2147483647;
			files = (
				46DA3F4AE78D76B1C41B2EC5 /* Pods_Trap_The_DotUITests.framework in Frameworks */,
			);
			runOnlyForDeploymentPostprocessing = 0;
		};
/* End PBXFrameworksBuildPhase section */

/* Begin PBXGroup section */
		533939E11B87162300E15029 = {
			isa = PBXGroup;
			children = (
				533939EC1B87162300E15029 /* Trap-The-Dot */,
				53393A011B87162300E15029 /* Trap-The-DotTests */,
				53393A0C1B87162300E15029 /* Trap-The-DotUITests */,
				533939EB1B87162300E15029 /* Products */,
				A4672856FC859BFB3087216B /* Pods */,
				BF2E1F5DFC843F09D97E5458 /* Frameworks */,
			);
			sourceTree = "<group>";
		};
		533939EB1B87162300E15029 /* Products */ = {
			isa = PBXGroup;
			children = (
				533939EA1B87162300E15029 /* Trap-The-Dot.app */,
				533939FE1B87162300E15029 /* Trap-The-DotTests.xctest */,
				53393A091B87162300E15029 /* Trap-The-DotUITests.xctest */,
			);
			name = Products;
			sourceTree = "<group>";
		};
		533939EC1B87162300E15029 /* Trap-The-Dot */ = {
			isa = PBXGroup;
			children = (
				538716511B9C383000E3C9E8 /* sounds */,
				5387164F1B9C382300E3C9E8 /* images */,
				533939ED1B87162300E15029 /* AppDelegate.swift */,
				533939EF1B87162300E15029 /* ViewController.swift */,
				533939F11B87162300E15029 /* Main.storyboard */,
				533939F41B87162300E15029 /* Assets.xcassets */,
				533939F61B87162300E15029 /* LaunchScreen.storyboard */,
				533939F91B87162300E15029 /* Info.plist */,
				53393A1B1B871ED000E15029 /* GameBoardViewController.swift */,
				53DFF6761B87F800002ADD4A /* HomeViewController.swift */,
				53DFF6781B87F856002ADD4A /* UIViewController+extensions.swift */,
				53DFF67A1B87FA37002ADD4A /* ResultViewController.swift */,
				53DFF67C1B87FB4D002ADD4A /* UIView+extensions.swift */,
				53DFF67E1B8805AC002ADD4A /* GameBoardView.swift */,
				535B08BE1B8D643F00069BA2 /* TTDGame.swift */,
				536813AE1B902083002AE6DE /* Foundation+extensions.swift */,
				536813B01B9201EE002AE6DE /* LevelView.swift */,
				53E595B81B9466A30028CFE4 /* Theme.swift */,
				53C3C1651BA270970068A6D4 /* Record.swift */,
				53CED4B21BAE445C00BF22BA /* NavigationController.swift */,
				53CED4B41BAE44A100BF22BA /* Game.swift */,
			);
			path = "Trap-The-Dot";
			sourceTree = "<group>";
		};
		53393A011B87162300E15029 /* Trap-The-DotTests */ = {
			isa = PBXGroup;
			children = (
				53393A021B87162300E15029 /* Trap_The_DotTests.swift */,
				53393A041B87162300E15029 /* Info.plist */,
				535B08C01B8D74FF00069BA2 /* TTDGameTest.swift */,
			);
			path = "Trap-The-DotTests";
			sourceTree = "<group>";
		};
		53393A0C1B87162300E15029 /* Trap-The-DotUITests */ = {
			isa = PBXGroup;
			children = (
				53393A0D1B87162300E15029 /* Trap_The_DotUITests.swift */,
				53393A0F1B87162300E15029 /* Info.plist */,
			);
			path = "Trap-The-DotUITests";
			sourceTree = "<group>";
		};
		A4672856FC859BFB3087216B /* Pods */ = {
			isa = PBXGroup;
			children = (
				87610243AD75DFF7C22EDD10 /* Pods-Trap-The-Dot.debug.xcconfig */,
				7B2EF690E25C6D0A63DD1D8B /* Pods-Trap-The-Dot.release.xcconfig */,
				58ADD77B4DE57FD6FB8DDD96 /* Pods-Trap-The-DotTests.debug.xcconfig */,
				8E11C2FD2CC783B548EE1D8C /* Pods-Trap-The-DotTests.release.xcconfig */,
				09A8CCF7B6BA987C6882D320 /* Pods-Trap-The-DotUITests.debug.xcconfig */,
				17F5497BECA40B362225600B /* Pods-Trap-The-DotUITests.release.xcconfig */,
			);
			name = Pods;
			sourceTree = "<group>";
		};
		BF2E1F5DFC843F09D97E5458 /* Frameworks */ = {
			isa = PBXGroup;
			children = (
				00B6E6B47B5450EE7DD70DDD /* Pods_Trap_The_Dot.framework */,
				EE68884E504B79ECA356C0FA /* Pods_Trap_The_DotTests.framework */,
				4E59297C13306C6BB2FBFEF6 /* Pods_Trap_The_DotUITests.framework */,
			);
			name = Frameworks;
			sourceTree = "<group>";
		};
/* End PBXGroup section */

/* Begin PBXNativeTarget section */
		533939E91B87162300E15029 /* Trap-The-Dot */ = {
			isa = PBXNativeTarget;
			buildConfigurationList = 53393A121B87162300E15029 /* Build configuration list for PBXNativeTarget "Trap-The-Dot" */;
			buildPhases = (
				FCE8733DC67056119D44DF6E /* 📦 Check Pods Manifest.lock */,
				533939E61B87162300E15029 /* Sources */,
				533939E71B87162300E15029 /* Frameworks */,
				533939E81B87162300E15029 /* Resources */,
				21335DAB69C11782ED4E5613 /* 📦 Embed Pods Frameworks */,
				935A83CB23C9BA93E28B673F /* 📦 Copy Pods Resources */,
			);
			buildRules = (
			);
			dependencies = (
			);
			name = "Trap-The-Dot";
			productName = "Trap-The-Dot";
			productReference = 533939EA1B87162300E15029 /* Trap-The-Dot.app */;
			productType = "com.apple.product-type.application";
		};
		533939FD1B87162300E15029 /* Trap-The-DotTests */ = {
			isa = PBXNativeTarget;
			buildConfigurationList = 53393A151B87162300E15029 /* Build configuration list for PBXNativeTarget "Trap-The-DotTests" */;
			buildPhases = (
				61007AE5021C420BB15E91E9 /* 📦 Check Pods Manifest.lock */,
				533939FA1B87162300E15029 /* Sources */,
				533939FB1B87162300E15029 /* Frameworks */,
				533939FC1B87162300E15029 /* Resources */,
				26347791707010799FCC8E2F /* 📦 Embed Pods Frameworks */,
				B605F9177DCF66639231A0DC /* 📦 Copy Pods Resources */,
			);
			buildRules = (
			);
			dependencies = (
				53393A001B87162300E15029 /* PBXTargetDependency */,
			);
			name = "Trap-The-DotTests";
			productName = "Trap-The-DotTests";
			productReference = 533939FE1B87162300E15029 /* Trap-The-DotTests.xctest */;
			productType = "com.apple.product-type.bundle.unit-test";
		};
		53393A081B87162300E15029 /* Trap-The-DotUITests */ = {
			isa = PBXNativeTarget;
			buildConfigurationList = 53393A181B87162300E15029 /* Build configuration list for PBXNativeTarget "Trap-The-DotUITests" */;
			buildPhases = (
				FD1ADD648111486865C0B860 /* 📦 Check Pods Manifest.lock */,
				53393A051B87162300E15029 /* Sources */,
				53393A061B87162300E15029 /* Frameworks */,
				53393A071B87162300E15029 /* Resources */,
				10731B939AFA493BDB765854 /* 📦 Copy Pods Resources */,
			);
			buildRules = (
			);
			dependencies = (
				53393A0B1B87162300E15029 /* PBXTargetDependency */,
			);
			name = "Trap-The-DotUITests";
			productName = "Trap-The-DotUITests";
			productReference = 53393A091B87162300E15029 /* Trap-The-DotUITests.xctest */;
			productType = "com.apple.product-type.bundle.ui-testing";
		};
/* End PBXNativeTarget section */

/* Begin PBXProject section */
		533939E21B87162300E15029 /* Project object */ = {
			isa = PBXProject;
			attributes = {
				LastSwiftUpdateCheck = 0700;
				LastUpgradeCheck = 0700;
				ORGANIZATIONNAME = reeonce;
				TargetAttributes = {
					533939E91B87162300E15029 = {
						CreatedOnToolsVersion = 7.0;
						DevelopmentTeam = L8WRN24LQD;
					};
					533939FD1B87162300E15029 = {
						CreatedOnToolsVersion = 7.0;
						TestTargetID = 533939E91B87162300E15029;
					};
					53393A081B87162300E15029 = {
						CreatedOnToolsVersion = 7.0;
						TestTargetID = 533939E91B87162300E15029;
					};
				};
			};
			buildConfigurationList = 533939E51B87162300E15029 /* Build configuration list for PBXProject "Trap-The-Dot" */;
			compatibilityVersion = "Xcode 3.2";
			developmentRegion = English;
			hasScannedForEncodings = 0;
			knownRegions = (
				en,
				Base,
			);
			mainGroup = 533939E11B87162300E15029;
			productRefGroup = 533939EB1B87162300E15029 /* Products */;
			projectDirPath = "";
			projectRoot = "";
			targets = (
				533939E91B87162300E15029 /* Trap-The-Dot */,
				533939FD1B87162300E15029 /* Trap-The-DotTests */,
				53393A081B87162300E15029 /* Trap-The-DotUITests */,
			);
		};
/* End PBXProject section */

/* Begin PBXResourcesBuildPhase section */
		533939E81B87162300E15029 /* Resources */ = {
			isa = PBXResourcesBuildPhase;
			buildActionMask = 2147483647;
			files = (
				538716521B9C383000E3C9E8 /* sounds in Resources */,
				538716501B9C382300E3C9E8 /* images in Resources */,
				533939F81B87162300E15029 /* LaunchScreen.storyboard in Resources */,
				533939F51B87162300E15029 /* Assets.xcassets in Resources */,
				533939F31B87162300E15029 /* Main.storyboard in Resources */,
			);
			runOnlyForDeploymentPostprocessing = 0;
		};
		533939FC1B87162300E15029 /* Resources */ = {
			isa = PBXResourcesBuildPhase;
			buildActionMask = 2147483647;
			files = (
			);
			runOnlyForDeploymentPostprocessing = 0;
		};
		53393A071B87162300E15029 /* Resources */ = {
			isa = PBXResourcesBuildPhase;
			buildActionMask = 2147483647;
			files = (
			);
			runOnlyForDeploymentPostprocessing = 0;
		};
/* End PBXResourcesBuildPhase section */

/* Begin PBXShellScriptBuildPhase section */
		10731B939AFA493BDB765854 /* 📦 Copy Pods Resources */ = {
			isa = PBXShellScriptBuildPhase;
			buildActionMask = 2147483647;
			files = (
			);
			inputPaths = (
			);
			name = "📦 Copy Pods Resources";
			outputPaths = (
			);
			runOnlyForDeploymentPostprocessing = 0;
			shellPath = /bin/sh;
			shellScript = "\"${SRCROOT}/Pods/Target Support Files/Pods-Trap-The-DotUITests/Pods-Trap-The-DotUITests-resources.sh\"\n";
			showEnvVarsInLog = 0;
		};
		21335DAB69C11782ED4E5613 /* 📦 Embed Pods Frameworks */ = {
			isa = PBXShellScriptBuildPhase;
			buildActionMask = 2147483647;
			files = (
			);
			inputPaths = (
			);
			name = "📦 Embed Pods Frameworks";
			outputPaths = (
			);
			runOnlyForDeploymentPostprocessing = 0;
			shellPath = /bin/sh;
			shellScript = "\"${SRCROOT}/Pods/Target Support Files/Pods-Trap-The-Dot/Pods-Trap-The-Dot-frameworks.sh\"\n";
			showEnvVarsInLog = 0;
		};
		26347791707010799FCC8E2F /* 📦 Embed Pods Frameworks */ = {
			isa = PBXShellScriptBuildPhase;
			buildActionMask = 2147483647;
			files = (
			);
			inputPaths = (
			);
			name = "📦 Embed Pods Frameworks";
			outputPaths = (
			);
			runOnlyForDeploymentPostprocessing = 0;
			shellPath = /bin/sh;
			shellScript = "\"${SRCROOT}/Pods/Target Support Files/Pods-Trap-The-DotTests/Pods-Trap-The-DotTests-frameworks.sh\"\n";
			showEnvVarsInLog = 0;
		};
		61007AE5021C420BB15E91E9 /* 📦 Check Pods Manifest.lock */ = {
			isa = PBXShellScriptBuildPhase;
			buildActionMask = 2147483647;
			files = (
			);
			inputPaths = (
			);
			name = "📦 Check Pods Manifest.lock";
			outputPaths = (
			);
			runOnlyForDeploymentPostprocessing = 0;
			shellPath = /bin/sh;
			shellScript = "diff \"${PODS_ROOT}/../Podfile.lock\" \"${PODS_ROOT}/Manifest.lock\" > /dev/null\nif [[ $? != 0 ]] ; then\n    cat << EOM\nerror: The sandbox is not in sync with the Podfile.lock. Run 'pod install' or update your CocoaPods installation.\nEOM\n    exit 1\nfi\n";
			showEnvVarsInLog = 0;
		};
		935A83CB23C9BA93E28B673F /* 📦 Copy Pods Resources */ = {
			isa = PBXShellScriptBuildPhase;
			buildActionMask = 2147483647;
			files = (
			);
			inputPaths = (
			);
			name = "📦 Copy Pods Resources";
			outputPaths = (
			);
			runOnlyForDeploymentPostprocessing = 0;
			shellPath = /bin/sh;
			shellScript = "\"${SRCROOT}/Pods/Target Support Files/Pods-Trap-The-Dot/Pods-Trap-The-Dot-resources.sh\"\n";
			showEnvVarsInLog = 0;
		};
		B605F9177DCF66639231A0DC /* 📦 Copy Pods Resources */ = {
			isa = PBXShellScriptBuildPhase;
			buildActionMask = 2147483647;
			files = (
			);
			inputPaths = (
			);
			name = "📦 Copy Pods Resources";
			outputPaths = (
			);
			runOnlyForDeploymentPostprocessing = 0;
			shellPath = /bin/sh;
			shellScript = "\"${SRCROOT}/Pods/Target Support Files/Pods-Trap-The-DotTests/Pods-Trap-The-DotTests-resources.sh\"\n";
			showEnvVarsInLog = 0;
		};
		FCE8733DC67056119D44DF6E /* 📦 Check Pods Manifest.lock */ = {
			isa = PBXShellScriptBuildPhase;
			buildActionMask = 2147483647;
			files = (
			);
			inputPaths = (
			);
			name = "📦 Check Pods Manifest.lock";
			outputPaths = (
			);
			runOnlyForDeploymentPostprocessing = 0;
			shellPath = /bin/sh;
			shellScript = "diff \"${PODS_ROOT}/../Podfile.lock\" \"${PODS_ROOT}/Manifest.lock\" > /dev/null\nif [[ $? != 0 ]] ; then\n    cat << EOM\nerror: The sandbox is not in sync with the Podfile.lock. Run 'pod install' or update your CocoaPods installation.\nEOM\n    exit 1\nfi\n";
			showEnvVarsInLog = 0;
		};
		FD1ADD648111486865C0B860 /* 📦 Check Pods Manifest.lock */ = {
			isa = PBXShellScriptBuildPhase;
			buildActionMask = 2147483647;
			files = (
			);
			inputPaths = (
			);
			name = "📦 Check Pods Manifest.lock";
			outputPaths = (
			);
			runOnlyForDeploymentPostprocessing = 0;
			shellPath = /bin/sh;
			shellScript = "diff \"${PODS_ROOT}/../Podfile.lock\" \"${PODS_ROOT}/Manifest.lock\" > /dev/null\nif [[ $? != 0 ]] ; then\n    cat << EOM\nerror: The sandbox is not in sync with the Podfile.lock. Run 'pod install' or update your CocoaPods installation.\nEOM\n    exit 1\nfi\n";
			showEnvVarsInLog = 0;
		};
/* End PBXShellScriptBuildPhase section */

/* Begin PBXSourcesBuildPhase section */
		533939E61B87162300E15029 /* Sources */ = {
			isa = PBXSourcesBuildPhase;
			buildActionMask = 2147483647;
			files = (
				53DFF67D1B87FB4D002ADD4A /* UIView+extensions.swift in Sources */,
				53CED4B51BAE44A100BF22BA /* Game.swift in Sources */,
				536813B11B9201EE002AE6DE /* LevelView.swift in Sources */,
				53DFF6791B87F856002ADD4A /* UIViewController+extensions.swift in Sources */,
				533939F01B87162300E15029 /* ViewController.swift in Sources */,
				535B08BF1B8D643F00069BA2 /* TTDGame.swift in Sources */,
				53CED4B31BAE445C00BF22BA /* NavigationController.swift in Sources */,
				53DFF67F1B8805AC002ADD4A /* GameBoardView.swift in Sources */,
				533939EE1B87162300E15029 /* AppDelegate.swift in Sources */,
				53C3C1661BA270970068A6D4 /* Record.swift in Sources */,
				53393A1C1B871ED000E15029 /* GameBoardViewController.swift in Sources */,
				53DFF6771B87F800002ADD4A /* HomeViewController.swift in Sources */,
				53E595B91B9466A30028CFE4 /* Theme.swift in Sources */,
				53DFF67B1B87FA37002ADD4A /* ResultViewController.swift in Sources */,
				536813AF1B902083002AE6DE /* Foundation+extensions.swift in Sources */,
			);
			runOnlyForDeploymentPostprocessing = 0;
		};
		533939FA1B87162300E15029 /* Sources */ = {
			isa = PBXSourcesBuildPhase;
			buildActionMask = 2147483647;
			files = (
				535B08C11B8D74FF00069BA2 /* TTDGameTest.swift in Sources */,
				53393A031B87162300E15029 /* Trap_The_DotTests.swift in Sources */,
			);
			runOnlyForDeploymentPostprocessing = 0;
		};
		53393A051B87162300E15029 /* Sources */ = {
			isa = PBXSourcesBuildPhase;
			buildActionMask = 2147483647;
			files = (
				53393A0E1B87162300E15029 /* Trap_The_DotUITests.swift in Sources */,
			);
			runOnlyForDeploymentPostprocessing = 0;
		};
/* End PBXSourcesBuildPhase section */

/* Begin PBXTargetDependency section */
		53393A001B87162300E15029 /* PBXTargetDependency */ = {
			isa = PBXTargetDependency;
			target = 533939E91B87162300E15029 /* Trap-The-Dot */;
			targetProxy = 533939FF1B87162300E15029 /* PBXContainerItemProxy */;
		};
		53393A0B1B87162300E15029 /* PBXTargetDependency */ = {
			isa = PBXTargetDependency;
			target = 533939E91B87162300E15029 /* Trap-The-Dot */;
			targetProxy = 53393A0A1B87162300E15029 /* PBXContainerItemProxy */;
		};
/* End PBXTargetDependency section */

/* Begin PBXVariantGroup section */
		533939F11B87162300E15029 /* Main.storyboard */ = {
			isa = PBXVariantGroup;
			children = (
				533939F21B87162300E15029 /* Base */,
			);
			name = Main.storyboard;
			sourceTree = "<group>";
		};
		533939F61B87162300E15029 /* LaunchScreen.storyboard */ = {
			isa = PBXVariantGroup;
			children = (
				533939F71B87162300E15029 /* Base */,
			);
			name = LaunchScreen.storyboard;
			sourceTree = "<group>";
		};
/* End PBXVariantGroup section */

/* Begin XCBuildConfiguration section */
		53393A101B87162300E15029 /* Debug */ = {
			isa = XCBuildConfiguration;
			buildSettings = {
				ALWAYS_SEARCH_USER_PATHS = NO;
				CLANG_CXX_LANGUAGE_STANDARD = "gnu++0x";
				CLANG_CXX_LIBRARY = "libc++";
				CLANG_ENABLE_MODULES = YES;
				CLANG_ENABLE_OBJC_ARC = YES;
				CLANG_WARN_BOOL_CONVERSION = YES;
				CLANG_WARN_CONSTANT_CONVERSION = YES;
				CLANG_WARN_DIRECT_OBJC_ISA_USAGE = YES_ERROR;
				CLANG_WARN_EMPTY_BODY = YES;
				CLANG_WARN_ENUM_CONVERSION = YES;
				CLANG_WARN_INT_CONVERSION = YES;
				CLANG_WARN_OBJC_ROOT_CLASS = YES_ERROR;
				CLANG_WARN_UNREACHABLE_CODE = YES;
				CLANG_WARN__DUPLICATE_METHOD_MATCH = YES;
				"CODE_SIGN_IDENTITY[sdk=iphoneos*]" = "iPhone Developer";
				COPY_PHASE_STRIP = NO;
				DEBUG_INFORMATION_FORMAT = dwarf;
				ENABLE_STRICT_OBJC_MSGSEND = YES;
				ENABLE_TESTABILITY = YES;
				GCC_C_LANGUAGE_STANDARD = gnu99;
				GCC_DYNAMIC_NO_PIC = NO;
				GCC_NO_COMMON_BLOCKS = YES;
				GCC_OPTIMIZATION_LEVEL = 0;
				GCC_PREPROCESSOR_DEFINITIONS = (
					"DEBUG=1",
					"$(inherited)",
				);
				GCC_WARN_64_TO_32_BIT_CONVERSION = YES;
				GCC_WARN_ABOUT_RETURN_TYPE = YES_ERROR;
				GCC_WARN_UNDECLARED_SELECTOR = YES;
				GCC_WARN_UNINITIALIZED_AUTOS = YES_AGGRESSIVE;
				GCC_WARN_UNUSED_FUNCTION = YES;
				GCC_WARN_UNUSED_VARIABLE = YES;
				IPHONEOS_DEPLOYMENT_TARGET = 9.0;
				MTL_ENABLE_DEBUG_INFO = YES;
				ONLY_ACTIVE_ARCH = YES;
				SDKROOT = iphoneos;
				SWIFT_OPTIMIZATION_LEVEL = "-Onone";
				TARGETED_DEVICE_FAMILY = "1,2";
			};
			name = Debug;
		};
		53393A111B87162300E15029 /* Release */ = {
			isa = XCBuildConfiguration;
			buildSettings = {
				ALWAYS_SEARCH_USER_PATHS = NO;
				CLANG_CXX_LANGUAGE_STANDARD = "gnu++0x";
				CLANG_CXX_LIBRARY = "libc++";
				CLANG_ENABLE_MODULES = YES;
				CLANG_ENABLE_OBJC_ARC = YES;
				CLANG_WARN_BOOL_CONVERSION = YES;
				CLANG_WARN_CONSTANT_CONVERSION = YES;
				CLANG_WARN_DIRECT_OBJC_ISA_USAGE = YES_ERROR;
				CLANG_WARN_EMPTY_BODY = YES;
				CLANG_WARN_ENUM_CONVERSION = YES;
				CLANG_WARN_INT_CONVERSION = YES;
				CLANG_WARN_OBJC_ROOT_CLASS = YES_ERROR;
				CLANG_WARN_UNREACHABLE_CODE = YES;
				CLANG_WARN__DUPLICATE_METHOD_MATCH = YES;
				"CODE_SIGN_IDENTITY[sdk=iphoneos*]" = "iPhone Developer";
				COPY_PHASE_STRIP = NO;
				DEBUG_INFORMATION_FORMAT = "dwarf-with-dsym";
				ENABLE_NS_ASSERTIONS = NO;
				ENABLE_STRICT_OBJC_MSGSEND = YES;
				GCC_C_LANGUAGE_STANDARD = gnu99;
				GCC_NO_COMMON_BLOCKS = YES;
				GCC_WARN_64_TO_32_BIT_CONVERSION = YES;
				GCC_WARN_ABOUT_RETURN_TYPE = YES_ERROR;
				GCC_WARN_UNDECLARED_SELECTOR = YES;
				GCC_WARN_UNINITIALIZED_AUTOS = YES_AGGRESSIVE;
				GCC_WARN_UNUSED_FUNCTION = YES;
				GCC_WARN_UNUSED_VARIABLE = YES;
				IPHONEOS_DEPLOYMENT_TARGET = 9.0;
				MTL_ENABLE_DEBUG_INFO = NO;
				SDKROOT = iphoneos;
				TARGETED_DEVICE_FAMILY = "1,2";
				VALIDATE_PRODUCT = YES;
			};
			name = Release;
		};
		53393A131B87162300E15029 /* Debug */ = {
			isa = XCBuildConfiguration;
			baseConfigurationReference = 87610243AD75DFF7C22EDD10 /* Pods-Trap-The-Dot.debug.xcconfig */;
			buildSettings = {
				ASSETCATALOG_COMPILER_APPICON_NAME = AppIcon;
				CLANG_ALLOW_NON_MODULAR_INCLUDES_IN_FRAMEWORK_MODULES = YES;
				CLANG_ENABLE_MODULES = YES;
				CODE_SIGN_IDENTITY = "iPhone Developer";
				HEADER_SEARCH_PATHS = Pods/FacebookSDK/FBSDKCoreKit;
				INFOPLIST_FILE = "Trap-The-Dot/Info.plist";
				IPHONEOS_DEPLOYMENT_TARGET = 9.0;
				LD_RUNPATH_SEARCH_PATHS = "$(inherited) @executable_path/Frameworks";
				OTHER_SWIFT_FLAGS = "$(inherited) \"-D\" \"COCOAPODS\" -DDEBUG";
				PRODUCT_BUNDLE_IDENTIFIER = "com.reeonce.Trap-The-Dot";
				PRODUCT_NAME = "$(TARGET_NAME)";
				SWIFT_OBJC_BRIDGING_HEADER = "";
				SWIFT_OPTIMIZATION_LEVEL = "-Onone";
			};
			name = Debug;
		};
		53393A141B87162300E15029 /* Release */ = {
			isa = XCBuildConfiguration;
			baseConfigurationReference = 7B2EF690E25C6D0A63DD1D8B /* Pods-Trap-The-Dot.release.xcconfig */;
			buildSettings = {
				ASSETCATALOG_COMPILER_APPICON_NAME = AppIcon;
				CLANG_ALLOW_NON_MODULAR_INCLUDES_IN_FRAMEWORK_MODULES = YES;
				CLANG_ENABLE_MODULES = YES;
				CODE_SIGN_IDENTITY = "iPhone Developer";
				HEADER_SEARCH_PATHS = Pods/FacebookSDK/FBSDKCoreKit;
				INFOPLIST_FILE = "Trap-The-Dot/Info.plist";
				IPHONEOS_DEPLOYMENT_TARGET = 9.0;
				LD_RUNPATH_SEARCH_PATHS = "$(inherited) @executable_path/Frameworks";
				PRODUCT_BUNDLE_IDENTIFIER = "com.reeonce.Trap-The-Dot";
				PRODUCT_NAME = "$(TARGET_NAME)";
				SWIFT_OBJC_BRIDGING_HEADER = "";
			};
			name = Release;
		};
		53393A161B87162300E15029 /* Debug */ = {
			isa = XCBuildConfiguration;
			baseConfigurationReference = 58ADD77B4DE57FD6FB8DDD96 /* Pods-Trap-The-DotTests.debug.xcconfig */;
			buildSettings = {
				BUNDLE_LOADER = "$(TEST_HOST)";
				INFOPLIST_FILE = "Trap-The-DotTests/Info.plist";
				LD_RUNPATH_SEARCH_PATHS = "$(inherited) @executable_path/Frameworks @loader_path/Frameworks";
				PRODUCT_BUNDLE_IDENTIFIER = "com.reeonce.Trap-The-DotTests";
				PRODUCT_NAME = "$(TARGET_NAME)";
				TEST_HOST = "$(BUILT_PRODUCTS_DIR)/Trap-The-Dot.app/Trap-The-Dot";
			};
			name = Debug;
		};
		53393A171B87162300E15029 /* Release */ = {
			isa = XCBuildConfiguration;
			baseConfigurationReference = 8E11C2FD2CC783B548EE1D8C /* Pods-Trap-The-DotTests.release.xcconfig */;
			buildSettings = {
				BUNDLE_LOADER = "$(TEST_HOST)";
				INFOPLIST_FILE = "Trap-The-DotTests/Info.plist";
				LD_RUNPATH_SEARCH_PATHS = "$(inherited) @executable_path/Frameworks @loader_path/Frameworks";
				PRODUCT_BUNDLE_IDENTIFIER = "com.reeonce.Trap-The-DotTests";
				PRODUCT_NAME = "$(TARGET_NAME)";
				TEST_HOST = "$(BUILT_PRODUCTS_DIR)/Trap-The-Dot.app/Trap-The-Dot";
			};
			name = Release;
		};
		53393A191B87162300E15029 /* Debug */ = {
			isa = XCBuildConfiguration;
			baseConfigurationReference = 09A8CCF7B6BA987C6882D320 /* Pods-Trap-The-DotUITests.debug.xcconfig */;
			buildSettings = {
				INFOPLIST_FILE = "Trap-The-DotUITests/Info.plist";
				LD_RUNPATH_SEARCH_PATHS = "$(inherited) @executable_path/Frameworks @loader_path/Frameworks";
				PRODUCT_BUNDLE_IDENTIFIER = "com.reeonce.Trap-The-DotUITests";
				PRODUCT_NAME = "$(TARGET_NAME)";
				TEST_TARGET_NAME = "Trap-The-Dot";
				USES_XCTRUNNER = YES;
			};
			name = Debug;
		};
		53393A1A1B87162300E15029 /* Release */ = {
			isa = XCBuildConfiguration;
			baseConfigurationReference = 17F5497BECA40B362225600B /* Pods-Trap-The-DotUITests.release.xcconfig */;
			buildSettings = {
				INFOPLIST_FILE = "Trap-The-DotUITests/Info.plist";
				LD_RUNPATH_SEARCH_PATHS = "$(inherited) @executable_path/Frameworks @loader_path/Frameworks";
				PRODUCT_BUNDLE_IDENTIFIER = "com.reeonce.Trap-The-DotUITests";
				PRODUCT_NAME = "$(TARGET_NAME)";
				TEST_TARGET_NAME = "Trap-The-Dot";
				USES_XCTRUNNER = YES;
			};
			name = Release;
		};
/* End XCBuildConfiguration section */

/* Begin XCConfigurationList section */
		533939E51B87162300E15029 /* Build configuration list for PBXProject "Trap-The-Dot" */ = {
			isa = XCConfigurationList;
			buildConfigurations = (
				53393A101B87162300E15029 /* Debug */,
				53393A111B87162300E15029 /* Release */,
			);
			defaultConfigurationIsVisible = 0;
			defaultConfigurationName = Release;
		};
		53393A121B87162300E15029 /* Build configuration list for PBXNativeTarget "Trap-The-Dot" */ = {
			isa = XCConfigurationList;
			buildConfigurations = (
				53393A131B87162300E15029 /* Debug */,
				53393A141B87162300E15029 /* Release */,
			);
			defaultConfigurationIsVisible = 0;
			defaultConfigurationName = Release;
		};
		53393A151B87162300E15029 /* Build configuration list for PBXNativeTarget "Trap-The-DotTests" */ = {
			isa = XCConfigurationList;
			buildConfigurations = (
				53393A161B87162300E15029 /* Debug */,
				53393A171B87162300E15029 /* Release */,
			);
			defaultConfigurationIsVisible = 0;
			defaultConfigurationName = Release;
		};
		53393A181B87162300E15029 /* Build configuration list for PBXNativeTarget "Trap-The-DotUITests" */ = {
			isa = XCConfigurationList;
			buildConfigurations = (
				53393A191B87162300E15029 /* Debug */,
				53393A1A1B87162300E15029 /* Release */,
			);
			defaultConfigurationIsVisible = 0;
			defaultConfigurationName = Release;
		};
/* End XCConfigurationList section */
	};
	rootObject = 533939E21B87162300E15029 /* Project object */;
}
